
Microsoft Visual Studio Solution File, Format Version 12.00
# Visual Studio Version 17
VisualStudioVersion = 17.6.33829.357
MinimumVisualStudioVersion = 10.0.40219.1
Project("{FAE04EC0-301F-11D3-BF4B-00C04F79EFBC}") = "E-commerce", "E-commerce.csproj", "{71A4A17B-2BEA-4D3C-BFB1-89016E7B139F}"
EndProject
Global
	GlobalSection(SolutionConfigurationPlatforms) = preSolution
		Debug|Any CPU = Debug|Any CPU
		Release|Any CPU = Release|Any CPU
	EndGlobalSection
	GlobalSection(ProjectConfigurationPlatforms) = postSolution
		{71A4A17B-2BEA-4D3C-BFB1-89016E7B139F}.Debug|Any CPU.ActiveCfg = Debug|Any CPU
		{71A4A17B-2BEA-4D3C-BFB1-89016E7B139F}.Debug|Any CPU.Build.0 = Debug|Any CPU
		{71A4A17B-2BEA-4D3C-BFB1-89016E7B139F}.Release|Any CPU.ActiveCfg = Release|Any CPU
		{71A4A17B-2BEA-4D3C-BFB1-89016E7B139F}.Release|Any CPU.Build.0 = Release|Any CPU
	EndGlobalSection
	GlobalSection(SolutionProperties) = preSolution
		HideSolutionNode = FALSE
	EndGlobalSection
	GlobalSection(ExtensibilityGlobals) = postSolution
		SolutionGuid = {D60C7952-1BFE-4C91-98E2-20D033EDE030}
	EndGlobalSection
EndGlobal
